// !$*UTF8*$!
{
	archiveVersion = 1;
	classes = {
	};
	objectVersion = 46;
	objects = {

/* Begin PBXBuildFile section */
		46C386141981863100E333F2 /* AppDelegate.swift in Sources */ = {isa = PBXBuildFile; fileRef = 46C386131981863100E333F2 /* AppDelegate.swift */; };
		46C386161981863100E333F2 /* MasterViewController.swift in Sources */ = {isa = PBXBuildFile; fileRef = 46C386151981863100E333F2 /* MasterViewController.swift */; };
		46C386181981863100E333F2 /* DetailViewController.swift in Sources */ = {isa = PBXBuildFile; fileRef = 46C386171981863100E333F2 /* DetailViewController.swift */; };
		46C3861B1981863100E333F2 /* Main.storyboard in Resources */ = {isa = PBXBuildFile; fileRef = 46C386191981863100E333F2 /* Main.storyboard */; };
		46C3861D1981863100E333F2 /* Images.xcassets in Resources */ = {isa = PBXBuildFile; fileRef = 46C3861C1981863100E333F2 /* Images.xcassets */; };
		46C386291981863100E333F2 /* SwifterTrackerTests.swift in Sources */ = {isa = PBXBuildFile; fileRef = 46C386281981863100E333F2 /* SwifterTrackerTests.swift */; };
		46C386331981877900E333F2 /* Track.swift in Sources */ = {isa = PBXBuildFile; fileRef = 46C386321981877900E333F2 /* Track.swift */; };
/* End PBXBuildFile section */

/* Begin PBXContainerItemProxy section */
		46C386231981863100E333F2 /* PBXContainerItemProxy */ = {
			isa = PBXContainerItemProxy;
			containerPortal = 46C386061981863100E333F2 /* Project object */;
			proxyType = 1;
			remoteGlobalIDString = 46C3860D1981863100E333F2;
			remoteInfo = SwifterTracker;
		};
/* End PBXContainerItemProxy section */

/* Begin PBXFileReference section */
		46C3860E1981863100E333F2 /* SwifterTracker.app */ = {isa = PBXFileReference; explicitFileType = wrapper.application; includeInIndex = 0; path = SwifterTracker.app; sourceTree = BUILT_PRODUCTS_DIR; };
		46C386121981863100E333F2 /* Info.plist */ = {isa = PBXFileReference; lastKnownFileType = text.plist.xml; path = Info.plist; sourceTree = "<group>"; };
		46C386131981863100E333F2 /* AppDelegate.swift */ = {isa = PBXFileReference; lastKnownFileType = sourcecode.swift; path = AppDelegate.swift; sourceTree = "<group>"; };
		46C386151981863100E333F2 /* MasterViewController.swift */ = {isa = PBXFileReference; lastKnownFileType = sourcecode.swift; path = MasterViewController.swift; sourceTree = "<group>"; };
		46C386171981863100E333F2 /* DetailViewController.swift */ = {isa = PBXFileReference; lastKnownFileType = sourcecode.swift; path = DetailViewController.swift; sourceTree = "<group>"; };
		46C3861A1981863100E333F2 /* Base */ = {isa = PBXFileReference; lastKnownFileType = file.storyboard; name = Base; path = Base.lproj/Main.storyboard; sourceTree = "<group>"; };
		46C3861C1981863100E333F2 /* Images.xcassets */ = {isa = PBXFileReference; lastKnownFileType = folder.assetcatalog; path = Images.xcassets; sourceTree = "<group>"; };
		46C386221981863100E333F2 /* SwifterTrackerTests.xctest */ = {isa = PBXFileReference; explicitFileType = wrapper.cfbundle; includeInIndex = 0; path = SwifterTrackerTests.xctest; sourceTree = BUILT_PRODUCTS_DIR; };
		46C386271981863100E333F2 /* Info.plist */ = {isa = PBXFileReference; lastKnownFileType = text.plist.xml; path = Info.plist; sourceTree = "<group>"; };
		46C386281981863100E333F2 /* SwifterTrackerTests.swift */ = {isa = PBXFileReference; lastKnownFileType = sourcecode.swift; path = SwifterTrackerTests.swift; sourceTree = "<group>"; };
		46C386321981877900E333F2 /* Track.swift */ = {isa = PBXFileReference; fileEncoding = 4; lastKnownFileType = sourcecode.swift; path = Track.swift; sourceTree = "<group>"; };
/* End PBXFileReference section */

/* Begin PBXFrameworksBuildPhase section */
		46C3860B1981863100E333F2 /* Frameworks */ = {
			isa = PBXFrameworksBuildPhase;
			buildActionMask = 2147483647;
			files = (
			);
			runOnlyForDeploymentPostprocessing = 0;
		};
		46C3861F1981863100E333F2 /* Frameworks */ = {
			isa = PBXFrameworksBuildPhase;
			buildActionMask = 2147483647;
			files = (
			);
			runOnlyForDeploymentPostprocessing = 0;
		};
/* End PBXFrameworksBuildPhase section */

/* Begin PBXGroup section */
		46C386051981863100E333F2 = {
			isa = PBXGroup;
			children = (
				46C386101981863100E333F2 /* SwifterTracker */,
				46C386251981863100E333F2 /* SwifterTrackerTests */,
				46C3860F1981863100E333F2 /* Products */,
			);
			sourceTree = "<group>";
		};
		46C3860F1981863100E333F2 /* Products */ = {
			isa = PBXGroup;
			children = (
				46C3860E1981863100E333F2 /* SwifterTracker.app */,
				46C386221981863100E333F2 /* SwifterTrackerTests.xctest */,
			);
			name = Products;
			sourceTree = "<group>";
		};
		46C386101981863100E333F2 /* SwifterTracker */ = {
			isa = PBXGroup;
			children = (
				46C386131981863100E333F2 /* AppDelegate.swift */,
				46C386151981863100E333F2 /* MasterViewController.swift */,
				46C386171981863100E333F2 /* DetailViewController.swift */,
				46C386191981863100E333F2 /* Main.storyboard */,
				46C3861C1981863100E333F2 /* Images.xcassets */,
				46C386111981863100E333F2 /* Supporting Files */,
				46C386321981877900E333F2 /* Track.swift */,
			);
			path = SwifterTracker;
			sourceTree = "<group>";
		};
		46C386111981863100E333F2 /* Supporting Files */ = {
			isa = PBXGroup;
			children = (
				46C386121981863100E333F2 /* Info.plist */,
			);
			name = "Supporting Files";
			sourceTree = "<group>";
		};
		46C386251981863100E333F2 /* SwifterTrackerTests */ = {
			isa = PBXGroup;
			children = (
				46C386281981863100E333F2 /* SwifterTrackerTests.swift */,
				46C386261981863100E333F2 /* Supporting Files */,
			);
			path = SwifterTrackerTests;
			sourceTree = "<group>";
		};
		46C386261981863100E333F2 /* Supporting Files */ = {
			isa = PBXGroup;
			children = (
				46C386271981863100E333F2 /* Info.plist */,
			);
			name = "Supporting Files";
			sourceTree = "<group>";
		};
/* End PBXGroup section */

/* Begin PBXNativeTarget section */
		46C3860D1981863100E333F2 /* SwifterTracker */ = {
			isa = PBXNativeTarget;
			buildConfigurationList = 46C3862C1981863100E333F2 /* Build configuration list for PBXNativeTarget "SwifterTracker" */;
			buildPhases = (
				46C3860A1981863100E333F2 /* Sources */,
				46C3860B1981863100E333F2 /* Frameworks */,
				46C3860C1981863100E333F2 /* Resources */,
			);
			buildRules = (
			);
			dependencies = (
			);
			name = SwifterTracker;
			productName = SwifterTracker;
			productReference = 46C3860E1981863100E333F2 /* SwifterTracker.app */;
			productType = "com.apple.product-type.application";
		};
		46C386211981863100E333F2 /* SwifterTrackerTests */ = {
			isa = PBXNativeTarget;
			buildConfigurationList = 46C3862F1981863100E333F2 /* Build configuration list for PBXNativeTarget "SwifterTrackerTests" */;
			buildPhases = (
				46C3861E1981863100E333F2 /* Sources */,
				46C3861F1981863100E333F2 /* Frameworks */,
				46C386201981863100E333F2 /* Resources */,
			);
			buildRules = (
			);
			dependencies = (
				46C386241981863100E333F2 /* PBXTargetDependency */,
			);
			name = SwifterTrackerTests;
			productName = SwifterTrackerTests;
			productReference = 46C386221981863100E333F2 /* SwifterTrackerTests.xctest */;
			productType = "com.apple.product-type.bundle.unit-test";
		};
/* End PBXNativeTarget section */

/* Begin PBXProject section */
		46C386061981863100E333F2 /* Project object */ = {
			isa = PBXProject;
			attributes = {
				LastUpgradeCheck = 0600;
				ORGANIZATIONNAME = xke;
				TargetAttributes = {
					46C3860D1981863100E333F2 = {
						CreatedOnToolsVersion = 6.0;
					};
					46C386211981863100E333F2 = {
						CreatedOnToolsVersion = 6.0;
						TestTargetID = 46C3860D1981863100E333F2;
					};
				};
			};
			buildConfigurationList = 46C386091981863100E333F2 /* Build configuration list for PBXProject "SwifterTracker" */;
			compatibilityVersion = "Xcode 3.2";
			developmentRegion = English;
			hasScannedForEncodings = 0;
			knownRegions = (
				en,
				Base,
			);
			mainGroup = 46C386051981863100E333F2;
			productRefGroup = 46C3860F1981863100E333F2 /* Products */;
			projectDirPath = "";
			projectRoot = "";
			targets = (
				46C3860D1981863100E333F2 /* SwifterTracker */,
				46C386211981863100E333F2 /* SwifterTrackerTests */,
			);
		};
/* End PBXProject section */

/* Begin PBXResourcesBuildPhase section */
		46C3860C1981863100E333F2 /* Resources */ = {
			isa = PBXResourcesBuildPhase;
			buildActionMask = 2147483647;
			files = (
				46C3861B1981863100E333F2 /* Main.storyboard in Resources */,
				46C3861D1981863100E333F2 /* Images.xcassets in Resources */,
			);
			runOnlyForDeploymentPostprocessing = 0;
		};
		46C386201981863100E333F2 /* Resources */ = {
			isa = PBXResourcesBuildPhase;
			buildActionMask = 2147483647;
			files = (
			);
			runOnlyForDeploymentPostprocessing = 0;
		};
/* End PBXResourcesBuildPhase section */

/* Begin PBXSourcesBuildPhase section */
		46C3860A1981863100E333F2 /* Sources */ = {
			isa = PBXSourcesBuildPhase;
			buildActionMask = 2147483647;
			files = (
				46C386181981863100E333F2 /* DetailViewController.swift in Sources */,
				46C386161981863100E333F2 /* MasterViewController.swift in Sources */,
				46C386141981863100E333F2 /* AppDelegate.swift in Sources */,
				46C386331981877900E333F2 /* Track.swift in Sources */,
			);
			runOnlyForDeploymentPostprocessing = 0;
		};
		46C3861E1981863100E333F2 /* Sources */ = {
			isa = PBXSourcesBuildPhase;
			buildActionMask = 2147483647;
			files = (
				46C386291981863100E333F2 /* SwifterTrackerTests.swift in Sources */,
			);
			runOnlyForDeploymentPostprocessing = 0;
		};
/* End PBXSourcesBuildPhase section */

/* Begin PBXTargetDependency section */
		46C386241981863100E333F2 /* PBXTargetDependency */ = {
			isa = PBXTargetDependency;
			target = 46C3860D1981863100E333F2 /* SwifterTracker */;
			targetProxy = 46C386231981863100E333F2 /* PBXContainerItemProxy */;
		};
/* End PBXTargetDependency section */

/* Begin PBXVariantGroup section */
		46C386191981863100E333F2 /* Main.storyboard */ = {
			isa = PBXVariantGroup;
			children = (
				46C3861A1981863100E333F2 /* Base */,
			);
			name = Main.storyboard;
			sourceTree = "<group>";
		};
/* End PBXVariantGroup section */

/* Begin XCBuildConfiguration section */
		46C3862A1981863100E333F2 /* Debug */ = {
			isa = XCBuildConfiguration;
			buildSettings = {
				ALWAYS_SEARCH_USER_PATHS = NO;
				CLANG_CXX_LANGUAGE_STANDARD = "gnu++0x";
				CLANG_CXX_LIBRARY = "libc++";
				CLANG_ENABLE_MODULES = YES;
				CLANG_ENABLE_OBJC_ARC = YES;
				CLANG_WARN_BOOL_CONVERSION = YES;
				CLANG_WARN_CONSTANT_CONVERSION = YES;
				CLANG_WARN_DIRECT_OBJC_ISA_USAGE = YES_ERROR;
				CLANG_WARN_EMPTY_BODY = YES;
				CLANG_WARN_ENUM_CONVERSION = YES;
				CLANG_WARN_INT_CONVERSION = YES;
				CLANG_WARN_OBJC_ROOT_CLASS = YES_ERROR;
				CLANG_WARN_UNREACHABLE_CODE = YES;
				CLANG_WARN__DUPLICATE_METHOD_MATCH = YES;
				"CODE_SIGN_IDENTITY[sdk=iphoneos*]" = "iPhone Developer";
				COPY_PHASE_STRIP = NO;
				ENABLE_STRICT_OBJC_MSGSEND = YES;
				GCC_C_LANGUAGE_STANDARD = gnu99;
				GCC_DYNAMIC_NO_PIC = NO;
				GCC_OPTIMIZATION_LEVEL = 0;
				GCC_PREPROCESSOR_DEFINITIONS = (
					"DEBUG=1",
					"$(inherited)",
				);
				GCC_SYMBOLS_PRIVATE_EXTERN = NO;
				GCC_WARN_64_TO_32_BIT_CONVERSION = YES;
				GCC_WARN_ABOUT_RETURN_TYPE = YES_ERROR;
				GCC_WARN_UNDECLARED_SELECTOR = YES;
				GCC_WARN_UNINITIALIZED_AUTOS = YES_AGGRESSIVE;
				GCC_WARN_UNUSED_FUNCTION = YES;
				GCC_WARN_UNUSED_VARIABLE = YES;
				IPHONEOS_DEPLOYMENT_TARGET = 8.0;
				MTL_ENABLE_DEBUG_INFO = YES;
				ONLY_ACTIVE_ARCH = YES;
				SDKROOT = iphoneos;
				SWIFT_OPTIMIZATION_LEVEL = "-Onone";
			};
			name = Debug;
		};
		46C3862B1981863100E333F2 /* Release */ = {
			isa = XCBuildConfiguration;
			buildSettings = {
				ALWAYS_SEARCH_USER_PATHS = NO;
				CLANG_CXX_LANGUAGE_STANDARD = "gnu++0x";
				CLANG_CXX_LIBRARY = "libc++";
				CLANG_ENABLE_MODULES = YES;
				CLANG_ENABLE_OBJC_ARC = YES;
				CLANG_WARN_BOOL_CONVERSION = YES;
				CLANG_WARN_CONSTANT_CONVERSION = YES;
				CLANG_WARN_DIRECT_OBJC_ISA_USAGE = YES_ERROR;
				CLANG_WARN_EMPTY_BODY = YES;
				CLANG_WARN_ENUM_CONVERSION = YES;
				CLANG_WARN_INT_CONVERSION = YES;
				CLANG_WARN_OBJC_ROOT_CLASS = YES_ERROR;
				CLANG_WARN_UNREACHABLE_CODE = YES;
				CLANG_WARN__DUPLICATE_METHOD_MATCH = YES;
				"CODE_SIGN_IDENTITY[sdk=iphoneos*]" = "iPhone Developer";
				COPY_PHASE_STRIP = YES;
				ENABLE_NS_ASSERTIONS = NO;
				ENABLE_STRICT_OBJC_MSGSEND = YES;
				GCC_C_LANGUAGE_STANDARD = gnu99;
				GCC_WARN_64_TO_32_BIT_CONVERSION = YES;
				GCC_WARN_ABOUT_RETURN_TYPE = YES_ERROR;
				GCC_WARN_UNDECLARED_SELECTOR = YES;
				GCC_WARN_UNINITIALIZED_AUTOS = YES_AGGRESSIVE;
				GCC_WARN_UNUSED_FUNCTION = YES;
				GCC_WARN_UNUSED_VARIABLE = YES;
				IPHONEOS_DEPLOYMENT_TARGET = 8.0;
				MTL_ENABLE_DEBUG_INFO = NO;
				SDKROOT = iphoneos;
				VALIDATE_PRODUCT = YES;
			};
			name = Release;
		};
		46C3862D1981863100E333F2 /* Debug */ = {
			isa = XCBuildConfiguration;
			buildSettings = {
				ASSETCATALOG_COMPILER_APPICON_NAME = AppIcon;
				ASSETCATALOG_COMPILER_LAUNCHIMAGE_NAME = LaunchImage;
				INFOPLIST_FILE = SwifterTracker/Info.plist;
				LD_RUNPATH_SEARCH_PATHS = "$(inherited) @executable_path/Frameworks";
				PRODUCT_NAME = "$(TARGET_NAME)";
			};
			name = Debug;
		};
		46C3862E1981863100E333F2 /* Release */ = {
			isa = XCBuildConfiguration;
			buildSettings = {
				ASSETCATALOG_COMPILER_APPICON_NAME = AppIcon;
				ASSETCATALOG_COMPILER_LAUNCHIMAGE_NAME = LaunchImage;
				INFOPLIST_FILE = SwifterTracker/Info.plist;
				LD_RUNPATH_SEARCH_PATHS = "$(inherited) @executable_path/Frameworks";
				PRODUCT_NAME = "$(TARGET_NAME)";
			};
			name = Release;
		};
		46C386301981863100E333F2 /* Debug */ = {
			isa = XCBuildConfiguration;
			buildSettings = {
				BUNDLE_LOADER = "$(BUILT_PRODUCTS_DIR)/SwifterTracker.app/SwifterTracker";
				FRAMEWORK_SEARCH_PATHS = (
					"$(SDKROOT)/Developer/Library/Frameworks",
					"$(inherited)",
				);
				GCC_PREPROCESSOR_DEFINITIONS = (
					"DEBUG=1",
					"$(inherited)",
				);
				INFOPLIST_FILE = SwifterTrackerTests/Info.plist;
				LD_RUNPATH_SEARCH_PATHS = "$(inherited) @executable_path/Frameworks @loader_path/Frameworks";
				PRODUCT_NAME = "$(TARGET_NAME)";
				TEST_HOST = "$(BUNDLE_LOADER)";
			};
			name = Debug;
		};
		46C386311981863100E333F2 /* Release */ = {
			isa = XCBuildConfiguration;
			buildSettings = {
				BUNDLE_LOADER = "$(BUILT_PRODUCTS_DIR)/SwifterTracker.app/SwifterTracker";
				FRAMEWORK_SEARCH_PATHS = (
					"$(SDKROOT)/Developer/Library/Frameworks",
					"$(inherited)",
				);
				INFOPLIST_FILE = SwifterTrackerTests/Info.plist;
				LD_RUNPATH_SEARCH_PATHS = "$(inherited) @executable_path/Frameworks @loader_path/Frameworks";
				PRODUCT_NAME = "$(TARGET_NAME)";
				TEST_HOST = "$(BUNDLE_LOADER)";
			};
			name = Release;
		};
/* End XCBuildConfiguration section */

/* Begin XCConfigurationList section */
		46C386091981863100E333F2 /* Build configuration list for PBXProject "SwifterTracker" */ = {
			isa = XCConfigurationList;
			buildConfigurations = (
				46C3862A1981863100E333F2 /* Debug */,
				46C3862B1981863100E333F2 /* Release */,
			);
			defaultConfigurationIsVisible = 0;
			defaultConfigurationName = Release;
		};
		46C3862C1981863100E333F2 /* Build configuration list for PBXNativeTarget "SwifterTracker" */ = {
			isa = XCConfigurationList;
			buildConfigurations = (
				46C3862D1981863100E333F2 /* Debug */,
				46C3862E1981863100E333F2 /* Release */,
			);
			defaultConfigurationIsVisible = 0;
		};
		46C3862F1981863100E333F2 /* Build configuration list for PBXNativeTarget "SwifterTrackerTests" */ = {
			isa = XCConfigurationList;
			buildConfigurations = (
				46C386301981863100E333F2 /* Debug */,
				46C386311981863100E333F2 /* Release */,
			);
			defaultConfigurationIsVisible = 0;
		};
/* End XCConfigurationList section */
	};
	rootObject = 46C386061981863100E333F2 /* Project object */;
}
